
Microsoft Visual Studio Solution File, Format Version 12.00
# Visual Studio Version 17
VisualStudioVersion = 17.2.32516.85
MinimumVisualStudioVersion = 10.0.40219.1
Project("{FAE04EC0-301F-11D3-BF4B-00C04F79EFBC}") = "ApiTest", "ApiTest\ApiTest.csproj", "{5781146D-E8BA-4E63-9222-31C3BADD1133}"
EndProject
Global
	GlobalSection(SolutionConfigurationPlatforms) = preSolution
		Debug|Any CPU = Debug|Any CPU
		Release|Any CPU = Release|Any CPU
	EndGlobalSection
	GlobalSection(ProjectConfigurationPlatforms) = postSolution
		{5781146D-E8BA-4E63-9222-31C3BADD1133}.Debug|Any CPU.ActiveCfg = Debug|Any CPU
		{5781146D-E8BA-4E63-9222-31C3BADD1133}.Debug|Any CPU.Build.0 = Debug|Any CPU
		{5781146D-E8BA-4E63-9222-31C3BADD1133}.Release|Any CPU.ActiveCfg = Release|Any CPU
		{5781146D-E8BA-4E63-9222-31C3BADD1133}.Release|Any CPU.Build.0 = Release|Any CPU
	EndGlobalSection
	GlobalSection(SolutionProperties) = preSolution
		HideSolutionNode = FALSE
	EndGlobalSection
	GlobalSection(ExtensibilityGlobals) = postSolution
		SolutionGuid = {68EADECF-C549-436D-BF13-C7BC6AA6CBB0}
	EndGlobalSection
EndGlobal
